
Microsoft Visual Studio Solution File, Format Version 12.00
# Visual Studio Version 17
VisualStudioVersion = 17.1.32228.430
MinimumVisualStudioVersion = 10.0.40219.1
Project("{2150E333-8FDC-42A3-9474-1A3956D46DE8}") = "1 - Application", "1 - Application", "{CCD4FA6C-405D-4817-869F-893010CAC825}"
EndProject
Project("{2150E333-8FDC-42A3-9474-1A3956D46DE8}") = "2 - Domain", "2 - Domain", "{235F762B-5F06-4E67-9F11-00E984F315D2}"
EndProject
Project("{2150E333-8FDC-42A3-9474-1A3956D46DE8}") = "3 - Infra", "3 - Infra", "{F1D3BCB3-792B-4982-81C0-EA2D5D9B1D02}"
EndProject
Project("{2150E333-8FDC-42A3-9474-1A3956D46DE8}") = "Utils", "Utils", "{8D2C068F-0CE3-4DA9-9D59-C39BC53BA7FA}"
EndProject
Project("{9A19103F-16F7-4668-BE54-9A1E7A4F7556}") = "Utils", "Utils\Utils.csproj", "{2DCEAF45-AE3A-44BD-AAF5-6E31DD8D166A}"
EndProject
Project("{9A19103F-16F7-4668-BE54-9A1E7A4F7556}") = "Infra", "Infra\Infra.csproj", "{AE4B03D4-1BB4-43F4-BB5D-6950E257ACD9}"
EndProject
Project("{9A19103F-16F7-4668-BE54-9A1E7A4F7556}") = "Application", "Application\Application.csproj", "{ABA64F93-0A3D-4FC5-97D8-DF960EA38247}"
EndProject
Project("{9A19103F-16F7-4668-BE54-9A1E7A4F7556}") = "Domain", "Domain\Domain.csproj", "{7E218847-0346-4821-98CE-28A232FE98EF}"
EndProject
Global
	GlobalSection(SolutionConfigurationPlatforms) = preSolution
		Debug|Any CPU = Debug|Any CPU
		Release|Any CPU = Release|Any CPU
	EndGlobalSection
	GlobalSection(ProjectConfigurationPlatforms) = postSolution
		{2DCEAF45-AE3A-44BD-AAF5-6E31DD8D166A}.Debug|Any CPU.ActiveCfg = Debug|Any CPU
		{2DCEAF45-AE3A-44BD-AAF5-6E31DD8D166A}.Debug|Any CPU.Build.0 = Debug|Any CPU
		{2DCEAF45-AE3A-44BD-AAF5-6E31DD8D166A}.Release|Any CPU.ActiveCfg = Release|Any CPU
		{2DCEAF45-AE3A-44BD-AAF5-6E31DD8D166A}.Release|Any CPU.Build.0 = Release|Any CPU
		{AE4B03D4-1BB4-43F4-BB5D-6950E257ACD9}.Debug|Any CPU.ActiveCfg = Debug|Any CPU
		{AE4B03D4-1BB4-43F4-BB5D-6950E257ACD9}.Debug|Any CPU.Build.0 = Debug|Any CPU
		{AE4B03D4-1BB4-43F4-BB5D-6950E257ACD9}.Release|Any CPU.ActiveCfg = Release|Any CPU
		{AE4B03D4-1BB4-43F4-BB5D-6950E257ACD9}.Release|Any CPU.Build.0 = Release|Any CPU
		{ABA64F93-0A3D-4FC5-97D8-DF960EA38247}.Debug|Any CPU.ActiveCfg = Debug|Any CPU
		{ABA64F93-0A3D-4FC5-97D8-DF960EA38247}.Debug|Any CPU.Build.0 = Debug|Any CPU
		{ABA64F93-0A3D-4FC5-97D8-DF960EA38247}.Release|Any CPU.ActiveCfg = Release|Any CPU
		{ABA64F93-0A3D-4FC5-97D8-DF960EA38247}.Release|Any CPU.Build.0 = Release|Any CPU
		{7E218847-0346-4821-98CE-28A232FE98EF}.Debug|Any CPU.ActiveCfg = Debug|Any CPU
		{7E218847-0346-4821-98CE-28A232FE98EF}.Debug|Any CPU.Build.0 = Debug|Any CPU
		{7E218847-0346-4821-98CE-28A232FE98EF}.Release|Any CPU.ActiveCfg = Release|Any CPU
		{7E218847-0346-4821-98CE-28A232FE98EF}.Release|Any CPU.Build.0 = Release|Any CPU
	EndGlobalSection
	GlobalSection(SolutionProperties) = preSolution
		HideSolutionNode = FALSE
	EndGlobalSection
	GlobalSection(NestedProjects) = preSolution
		{2DCEAF45-AE3A-44BD-AAF5-6E31DD8D166A} = {8D2C068F-0CE3-4DA9-9D59-C39BC53BA7FA}
		{AE4B03D4-1BB4-43F4-BB5D-6950E257ACD9} = {F1D3BCB3-792B-4982-81C0-EA2D5D9B1D02}
		{ABA64F93-0A3D-4FC5-97D8-DF960EA38247} = {CCD4FA6C-405D-4817-869F-893010CAC825}
		{7E218847-0346-4821-98CE-28A232FE98EF} = {235F762B-5F06-4E67-9F11-00E984F315D2}
	EndGlobalSection
	GlobalSection(ExtensibilityGlobals) = postSolution
		SolutionGuid = {1670C590-67CF-4BDF-A5A5-3FAA8C6CFA97}
	EndGlobalSection
EndGlobal
